// !$*UTF8*$!
{
	archiveVersion = 1;
	classes = {
	};
	objectVersion = 50;
	objects = {

/* Begin PBXBuildFile section */
		DCCA2AD426A7DA4A004048A1 /* AppDelegate.swift in Sources */ = {isa = PBXBuildFile; fileRef = DCCA2AD326A7DA4A004048A1 /* AppDelegate.swift */; };
		DCCA2AD626A7DA4A004048A1 /* SceneDelegate.swift in Sources */ = {isa = PBXBuildFile; fileRef = DCCA2AD526A7DA4A004048A1 /* SceneDelegate.swift */; };
		DCCA2AD826A7DA4A004048A1 /* ViewController.swift in Sources */ = {isa = PBXBuildFile; fileRef = DCCA2AD726A7DA4A004048A1 /* ViewController.swift */; };
		DCCA2ADB26A7DA4A004048A1 /* Main.storyboard in Resources */ = {isa = PBXBuildFile; fileRef = DCCA2AD926A7DA4A004048A1 /* Main.storyboard */; };
		DCCA2ADD26A7DA4A004048A1 /* Assets.xcassets in Resources */ = {isa = PBXBuildFile; fileRef = DCCA2ADC26A7DA4A004048A1 /* Assets.xcassets */; };
		DCCA2AE026A7DA4A004048A1 /* LaunchScreen.storyboard in Resources */ = {isa = PBXBuildFile; fileRef = DCCA2ADE26A7DA4A004048A1 /* LaunchScreen.storyboard */; };
		DCCA2AE826A7DBC1004048A1 /* ReadMe.rtf in Resources */ = {isa = PBXBuildFile; fileRef = DCCA2AE726A7DBC1004048A1 /* ReadMe.rtf */; };
/* End PBXBuildFile section */

/* Begin PBXFileReference section */
		DCCA2AD026A7DA4A004048A1 /* Hybrid.app */ = {isa = PBXFileReference; explicitFileType = wrapper.application; includeInIndex = 0; path = Hybrid.app; sourceTree = BUILT_PRODUCTS_DIR; };
		DCCA2AD326A7DA4A004048A1 /* AppDelegate.swift */ = {isa = PBXFileReference; lastKnownFileType = sourcecode.swift; path = AppDelegate.swift; sourceTree = "<group>"; };
		DCCA2AD526A7DA4A004048A1 /* SceneDelegate.swift */ = {isa = PBXFileReference; lastKnownFileType = sourcecode.swift; path = SceneDelegate.swift; sourceTree = "<group>"; };
		DCCA2AD726A7DA4A004048A1 /* ViewController.swift */ = {isa = PBXFileReference; lastKnownFileType = sourcecode.swift; path = ViewController.swift; sourceTree = "<group>"; };
		DCCA2ADA26A7DA4A004048A1 /* Base */ = {isa = PBXFileReference; lastKnownFileType = file.storyboard; name = Base; path = Base.lproj/Main.storyboard; sourceTree = "<group>"; };
		DCCA2ADC26A7DA4A004048A1 /* Assets.xcassets */ = {isa = PBXFileReference; lastKnownFileType = folder.assetcatalog; path = Assets.xcassets; sourceTree = "<group>"; };
		DCCA2ADF26A7DA4A004048A1 /* Base */ = {isa = PBXFileReference; lastKnownFileType = file.storyboard; name = Base; path = Base.lproj/LaunchScreen.storyboard; sourceTree = "<group>"; };
		DCCA2AE126A7DA4A004048A1 /* Info.plist */ = {isa = PBXFileReference; lastKnownFileType = text.plist.xml; path = Info.plist; sourceTree = "<group>"; };
		DCCA2AE726A7DBC1004048A1 /* ReadMe.rtf */ = {isa = PBXFileReference; lastKnownFileType = text.rtf; path = ReadMe.rtf; sourceTree = "<group>"; };
/* End PBXFileReference section */

/* Begin PBXFrameworksBuildPhase section */
		DCCA2ACD26A7DA4A004048A1 /* Frameworks */ = {
			isa = PBXFrameworksBuildPhase;
			buildActionMask = 2147483647;
			files = (
			);
			runOnlyForDeploymentPostprocessing = 0;
		};
/* End PBXFrameworksBuildPhase section */

/* Begin PBXGroup section */
		DCCA2AC726A7DA4A004048A1 = {
			isa = PBXGroup;
			children = (
				DCCA2AD226A7DA4A004048A1 /* Hybrid */,
				DCCA2AD126A7DA4A004048A1 /* Products */,
			);
			sourceTree = "<group>";
		};
		DCCA2AD126A7DA4A004048A1 /* Products */ = {
			isa = PBXGroup;
			children = (
				DCCA2AD026A7DA4A004048A1 /* Hybrid.app */,
			);
			name = Products;
			sourceTree = "<group>";
		};
		DCCA2AD226A7DA4A004048A1 /* Hybrid */ = {
			isa = PBXGroup;
			children = (
				DCCA2AD326A7DA4A004048A1 /* AppDelegate.swift */,
				DCCA2AD526A7DA4A004048A1 /* SceneDelegate.swift */,
				DCCA2AD726A7DA4A004048A1 /* ViewController.swift */,
				DCCA2AD926A7DA4A004048A1 /* Main.storyboard */,
				DCCA2ADC26A7DA4A004048A1 /* Assets.xcassets */,
				DCCA2ADE26A7DA4A004048A1 /* LaunchScreen.storyboard */,
				DCCA2AE126A7DA4A004048A1 /* Info.plist */,
				DCCA2AE726A7DBC1004048A1 /* ReadMe.rtf */,
			);
			path = Hybrid;
			sourceTree = "<group>";
		};
/* End PBXGroup section */

/* Begin PBXNativeTarget section */
		DCCA2ACF26A7DA4A004048A1 /* Hybrid */ = {
			isa = PBXNativeTarget;
			buildConfigurationList = DCCA2AE426A7DA4A004048A1 /* Build configuration list for PBXNativeTarget "Hybrid" */;
			buildPhases = (
				DCCA2ACC26A7DA4A004048A1 /* Sources */,
				DCCA2ACD26A7DA4A004048A1 /* Frameworks */,
				DCCA2ACE26A7DA4A004048A1 /* Resources */,
			);
			buildRules = (
			);
			dependencies = (
			);
			name = Hybrid;
			productName = Hybrid;
			productReference = DCCA2AD026A7DA4A004048A1 /* Hybrid.app */;
			productType = "com.apple.product-type.application";
		};
/* End PBXNativeTarget section */

/* Begin PBXProject section */
		DCCA2AC826A7DA4A004048A1 /* Project object */ = {
			isa = PBXProject;
			attributes = {
				LastSwiftUpdateCheck = 1250;
				LastUpgradeCheck = 1250;
				TargetAttributes = {
					DCCA2ACF26A7DA4A004048A1 = {
						CreatedOnToolsVersion = 12.5.1;
					};
				};
			};
			buildConfigurationList = DCCA2ACB26A7DA4A004048A1 /* Build configuration list for PBXProject "Hybrid" */;
			compatibilityVersion = "Xcode 9.3";
			developmentRegion = en;
			hasScannedForEncodings = 0;
			knownRegions = (
				en,
				Base,
			);
			mainGroup = DCCA2AC726A7DA4A004048A1;
			productRefGroup = DCCA2AD126A7DA4A004048A1 /* Products */;
			projectDirPath = "";
			projectRoot = "";
			targets = (
				DCCA2ACF26A7DA4A004048A1 /* Hybrid */,
			);
		};
/* End PBXProject section */

/* Begin PBXResourcesBuildPhase section */
		DCCA2ACE26A7DA4A004048A1 /* Resources */ = {
			isa = PBXResourcesBuildPhase;
			buildActionMask = 2147483647;
			files = (
				DCCA2AE026A7DA4A004048A1 /* LaunchScreen.storyboard in Resources */,
				DCCA2ADD26A7DA4A004048A1 /* Assets.xcassets in Resources */,
				DCCA2AE826A7DBC1004048A1 /* ReadMe.rtf in Resources */,
				DCCA2ADB26A7DA4A004048A1 /* Main.storyboard in Resources */,
			);
			runOnlyForDeploymentPostprocessing = 0;
		};
/* End PBXResourcesBuildPhase section */

/* Begin PBXSourcesBuildPhase section */
		DCCA2ACC26A7DA4A004048A1 /* Sources */ = {
			isa = PBXSourcesBuildPhase;
			buildActionMask = 2147483647;
			files = (
				DCCA2AD826A7DA4A004048A1 /* ViewController.swift in Sources */,
				DCCA2AD426A7DA4A004048A1 /* AppDelegate.swift in Sources */,
				DCCA2AD626A7DA4A004048A1 /* SceneDelegate.swift in Sources */,
			);
			runOnlyForDeploymentPostprocessing = 0;
		};
/* End PBXSourcesBuildPhase section */

/* Begin PBXVariantGroup section */
		DCCA2AD926A7DA4A004048A1 /* Main.storyboard */ = {
			isa = PBXVariantGroup;
			children = (
				DCCA2ADA26A7DA4A004048A1 /* Base */,
			);
			name = Main.storyboard;
			sourceTree = "<group>";
		};
		DCCA2ADE26A7DA4A004048A1 /* LaunchScreen.storyboard */ = {
			isa = PBXVariantGroup;
			children = (
				DCCA2ADF26A7DA4A004048A1 /* Base */,
			);
			name = LaunchScreen.storyboard;
			sourceTree = "<group>";
		};
/* End PBXVariantGroup section */

/* Begin XCBuildConfiguration section */
		DCCA2AE226A7DA4A004048A1 /* Debug */ = {
			isa = XCBuildConfiguration;
			buildSettings = {
				ALWAYS_SEARCH_USER_PATHS = NO;
				CLANG_ANALYZER_NONNULL = YES;
				CLANG_ANALYZER_NUMBER_OBJECT_CONVERSION = YES_AGGRESSIVE;
				CLANG_CXX_LANGUAGE_STANDARD = "gnu++14";
				CLANG_CXX_LIBRARY = "libc++";
				CLANG_ENABLE_MODULES = YES;
				CLANG_ENABLE_OBJC_ARC = YES;
				CLANG_ENABLE_OBJC_WEAK = YES;
				CLANG_WARN_BLOCK_CAPTURE_AUTORELEASING = YES;
				CLANG_WARN_BOOL_CONVERSION = YES;
				CLANG_WARN_COMMA = YES;
				CLANG_WARN_CONSTANT_CONVERSION = YES;
				CLANG_WARN_DEPRECATED_OBJC_IMPLEMENTATIONS = YES;
				CLANG_WARN_DIRECT_OBJC_ISA_USAGE = YES_ERROR;
				CLANG_WARN_DOCUMENTATION_COMMENTS = YES;
				CLANG_WARN_EMPTY_BODY = YES;
				CLANG_WARN_ENUM_CONVERSION = YES;
				CLANG_WARN_INFINITE_RECURSION = YES;
				CLANG_WARN_INT_CONVERSION = YES;
				CLANG_WARN_NON_LITERAL_NULL_CONVERSION = YES;
				CLANG_WARN_OBJC_IMPLICIT_RETAIN_SELF = YES;
				CLANG_WARN_OBJC_LITERAL_CONVERSION = YES;
				CLANG_WARN_OBJC_ROOT_CLASS = YES_ERROR;
				CLANG_WARN_QUOTED_INCLUDE_IN_FRAMEWORK_HEADER = YES;
				CLANG_WARN_RANGE_LOOP_ANALYSIS = YES;
				CLANG_WARN_STRICT_PROTOTYPES = YES;
				CLANG_WARN_SUSPICIOUS_MOVE = YES;
				CLANG_WARN_UNGUARDED_AVAILABILITY = YES_AGGRESSIVE;
				CLANG_WARN_UNREACHABLE_CODE = YES;
				CLANG_WARN__DUPLICATE_METHOD_MATCH = YES;
				COPY_PHASE_STRIP = NO;
				DEBUG_INFORMATION_FORMAT = dwarf;
				ENABLE_STRICT_OBJC_MSGSEND = YES;
				ENABLE_TESTABILITY = YES;
				GCC_C_LANGUAGE_STANDARD = gnu11;
				GCC_DYNAMIC_NO_PIC = NO;
				GCC_NO_COMMON_BLOCKS = YES;
				GCC_OPTIMIZATION_LEVEL = 0;
				GCC_PREPROCESSOR_DEFINITIONS = (
					"DEBUG=1",
					"$(inherited)",
				);
				GCC_WARN_64_TO_32_BIT_CONVERSION = YES;
				GCC_WARN_ABOUT_RETURN_TYPE = YES_ERROR;
				GCC_WARN_UNDECLARED_SELECTOR = YES;
				GCC_WARN_UNINITIALIZED_AUTOS = YES_AGGRESSIVE;
				GCC_WARN_UNUSED_FUNCTION = YES;
				GCC_WARN_UNUSED_VARIABLE = YES;
				IPHONEOS_DEPLOYMENT_TARGET = 14.5;
				MTL_ENABLE_DEBUG_INFO = INCLUDE_SOURCE;
				MTL_FAST_MATH = YES;
				ONLY_ACTIVE_ARCH = YES;
				SDKROOT = iphoneos;
				SWIFT_ACTIVE_COMPILATION_CONDITIONS = DEBUG;
				SWIFT_OPTIMIZATION_LEVEL = "-Onone";
			};
			name = Debug;
		};
		DCCA2AE326A7DA4A004048A1 /* Release */ = {
			isa = XCBuildConfiguration;
			buildSettings = {
				ALWAYS_SEARCH_USER_PATHS = NO;
				CLANG_ANALYZER_NONNULL = YES;
				CLANG_ANALYZER_NUMBER_OBJECT_CONVERSION = YES_AGGRESSIVE;
				CLANG_CXX_LANGUAGE_STANDARD = "gnu++14";
				CLANG_CXX_LIBRARY = "libc++";
				CLANG_ENABLE_MODULES = YES;
				CLANG_ENABLE_OBJC_ARC = YES;
				CLANG_ENABLE_OBJC_WEAK = YES;
				CLANG_WARN_BLOCK_CAPTURE_AUTORELEASING = YES;
				CLANG_WARN_BOOL_CONVERSION = YES;
				CLANG_WARN_COMMA = YES;
				CLANG_WARN_CONSTANT_CONVERSION = YES;
				CLANG_WARN_DEPRECATED_OBJC_IMPLEMENTATIONS = YES;
				CLANG_WARN_DIRECT_OBJC_ISA_USAGE = YES_ERROR;
				CLANG_WARN_DOCUMENTATION_COMMENTS = YES;
				CLANG_WARN_EMPTY_BODY = YES;
				CLANG_WARN_ENUM_CONVERSION = YES;
				CLANG_WARN_INFINITE_RECURSION = YES;
				CLANG_WARN_INT_CONVERSION = YES;
				CLANG_WARN_NON_LITERAL_NULL_CONVERSION = YES;
				CLANG_WARN_OBJC_IMPLICIT_RETAIN_SELF = YES;
				CLANG_WARN_OBJC_LITERAL_CONVERSION = YES;
				CLANG_WARN_OBJC_ROOT_CLASS = YES_ERROR;
				CLANG_WARN_QUOTED_INCLUDE_IN_FRAMEWORK_HEADER = YES;
				CLANG_WARN_RANGE_LOOP_ANALYSIS = YES;
				CLANG_WARN_STRICT_PROTOTYPES = YES;
				CLANG_WARN_SUSPICIOUS_MOVE = YES;
				CLANG_WARN_UNGUARDED_AVAILABILITY = YES_AGGRESSIVE;
				CLANG_WARN_UNREACHABLE_CODE = YES;
				CLANG_WARN__DUPLICATE_METHOD_MATCH = YES;
				COPY_PHASE_STRIP = NO;
				DEBUG_INFORMATION_FORMAT = "dwarf-with-dsym";
				ENABLE_NS_ASSERTIONS = NO;
				ENABLE_STRICT_OBJC_MSGSEND = YES;
				GCC_C_LANGUAGE_STANDARD = gnu11;
				GCC_NO_COMMON_BLOCKS = YES;
				GCC_WARN_64_TO_32_BIT_CONVERSION = YES;
				GCC_WARN_ABOUT_RETURN_TYPE = YES_ERROR;
				GCC_WARN_UNDECLARED_SELECTOR = YES;
				GCC_WARN_UNINITIALIZED_AUTOS = YES_AGGRESSIVE;
				GCC_WARN_UNUSED_FUNCTION = YES;
				GCC_WARN_UNUSED_VARIABLE = YES;
				IPHONEOS_DEPLOYMENT_TARGET = 14.5;
				MTL_ENABLE_DEBUG_INFO = NO;
				MTL_FAST_MATH = YES;
				SDKROOT = iphoneos;
				SWIFT_COMPILATION_MODE = wholemodule;
				SWIFT_OPTIMIZATION_LEVEL = "-O";
				VALIDATE_PRODUCT = YES;
			};
			name = Release;
		};
		DCCA2AE526A7DA4A004048A1 /* Debug */ = {
			isa = XCBuildConfiguration;
			buildSettings = {
				ASSETCATALOG_COMPILER_APPICON_NAME = AppIcon;
				ASSETCATALOG_COMPILER_GLOBAL_ACCENT_COLOR_NAME = AccentColor;
				CODE_SIGN_STYLE = Automatic;
				DEVELOPMENT_TEAM = 9PD8Z4RT68;
				INFOPLIST_FILE = Hybrid/Info.plist;
				LD_RUNPATH_SEARCH_PATHS = (
					"$(inherited)",
					"@executable_path/Frameworks",
				);
				PRODUCT_BUNDLE_IDENTIFIER = com.swiftlec.Hybrid;
				PRODUCT_NAME = "$(TARGET_NAME)";
				SWIFT_VERSION = 5.0;
				TARGETED_DEVICE_FAMILY = "1,2";
			};
			name = Debug;
		};
		DCCA2AE626A7DA4A004048A1 /* Release */ = {
			isa = XCBuildConfiguration;
			buildSettings = {
				ASSETCATALOG_COMPILER_APPICON_NAME = AppIcon;
				ASSETCATALOG_COMPILER_GLOBAL_ACCENT_COLOR_NAME = AccentColor;
				CODE_SIGN_STYLE = Automatic;
				DEVELOPMENT_TEAM = 9PD8Z4RT68;
				INFOPLIST_FILE = Hybrid/Info.plist;
				LD_RUNPATH_SEARCH_PATHS = (
					"$(inherited)",
					"@executable_path/Frameworks",
				);
				PRODUCT_BUNDLE_IDENTIFIER = com.swiftlec.Hybrid;
				PRODUCT_NAME = "$(TARGET_NAME)";
				SWIFT_VERSION = 5.0;
				TARGETED_DEVICE_FAMILY = "1,2";
			};
			name = Release;
		};
/* End XCBuildConfiguration section */

/* Begin XCConfigurationList section */
		DCCA2ACB26A7DA4A004048A1 /* Build configuration list for PBXProject "Hybrid" */ = {
			isa = XCConfigurationList;
			buildConfigurations = (
				DCCA2AE226A7DA4A004048A1 /* Debug */,
				DCCA2AE326A7DA4A004048A1 /* Release */,
			);
			defaultConfigurationIsVisible = 0;
			defaultConfigurationName = Release;
		};
		DCCA2AE426A7DA4A004048A1 /* Build configuration list for PBXNativeTarget "Hybrid" */ = {
			isa = XCConfigurationList;
			buildConfigurations = (
				DCCA2AE526A7DA4A004048A1 /* Debug */,
				DCCA2AE626A7DA4A004048A1 /* Release */,
			);
			defaultConfigurationIsVisible = 0;
			defaultConfigurationName = Release;
		};
/* End XCConfigurationList section */
	};
	rootObject = DCCA2AC826A7DA4A004048A1 /* Project object */;
}
